
Microsoft Visual Studio Solution File, Format Version 12.00
# Visual Studio Version 17
VisualStudioVersion = 17.10.34928.147
MinimumVisualStudioVersion = 10.0.40219.1
Project("{FAE04EC0-301F-11D3-BF4B-00C04F79EFBC}") = "Danlaihk.ConsoleRankApp", "Danlaihk.ConsoleRankApp\Danlaihk.ConsoleRankApp.csproj", "{CE904C98-0D3A-44B3-B6A2-B9645E92DB48}"
EndProject
Project("{FAE04EC0-301F-11D3-BF4B-00C04F79EFBC}") = "TestGetRanks", "TestGetRanks\TestGetRanks.csproj", "{4C582982-5031-46FE-B742-A19C64F6725E}"
EndProject
Global
	GlobalSection(SolutionConfigurationPlatforms) = preSolution
		Debug|Any CPU = Debug|Any CPU
		Release|Any CPU = Release|Any CPU
	EndGlobalSection
	GlobalSection(ProjectConfigurationPlatforms) = postSolution
		{CE904C98-0D3A-44B3-B6A2-B9645E92DB48}.Debug|Any CPU.ActiveCfg = Debug|Any CPU
		{CE904C98-0D3A-44B3-B6A2-B9645E92DB48}.Debug|Any CPU.Build.0 = Debug|Any CPU
		{CE904C98-0D3A-44B3-B6A2-B9645E92DB48}.Release|Any CPU.ActiveCfg = Release|Any CPU
		{CE904C98-0D3A-44B3-B6A2-B9645E92DB48}.Release|Any CPU.Build.0 = Release|Any CPU
		{4C582982-5031-46FE-B742-A19C64F6725E}.Debug|Any CPU.ActiveCfg = Debug|Any CPU
		{4C582982-5031-46FE-B742-A19C64F6725E}.Debug|Any CPU.Build.0 = Debug|Any CPU
		{4C582982-5031-46FE-B742-A19C64F6725E}.Release|Any CPU.ActiveCfg = Release|Any CPU
		{4C582982-5031-46FE-B742-A19C64F6725E}.Release|Any CPU.Build.0 = Release|Any CPU
	EndGlobalSection
	GlobalSection(SolutionProperties) = preSolution
		HideSolutionNode = FALSE
	EndGlobalSection
	GlobalSection(ExtensibilityGlobals) = postSolution
		SolutionGuid = {E1AA926B-C6D5-4D10-8F86-D93BDA5DAEFF}
	EndGlobalSection
EndGlobal
